// !$*UTF8*$!
{
	archiveVersion = 1;
	classes = {
	};
	objectVersion = 56;
	objects = {

/* Begin PBXBuildFile section */
		5A29C45F28B783B900C972B7 /* LabelIconView.swift in Sources */ = {isa = PBXBuildFile; fileRef = 5A29C45E28B783B900C972B7 /* LabelIconView.swift */; };
		5A2D561E28B56E6900DEF4B2 /* BatteryManager.swift in Sources */ = {isa = PBXBuildFile; fileRef = 5A2D561D28B56E6900DEF4B2 /* BatteryManager.swift */; };
		5A49E85528B5572A0064361C /* BASTApp.swift in Sources */ = {isa = PBXBuildFile; fileRef = 5A49E85428B5572A0064361C /* BASTApp.swift */; };
		5A49E85728B5572A0064361C /* ContentView.swift in Sources */ = {isa = PBXBuildFile; fileRef = 5A49E85628B5572A0064361C /* ContentView.swift */; };
		5A49E85928B5572B0064361C /* Assets.xcassets in Resources */ = {isa = PBXBuildFile; fileRef = 5A49E85828B5572B0064361C /* Assets.xcassets */; };
		5A49E85C28B5572B0064361C /* Preview Assets.xcassets in Resources */ = {isa = PBXBuildFile; fileRef = 5A49E85B28B5572B0064361C /* Preview Assets.xcassets */; };
		5A49E86428B557730064361C /* Extensions.swift in Sources */ = {isa = PBXBuildFile; fileRef = 5A49E86328B557730064361C /* Extensions.swift */; };
		5AD6D3DC28B77C8000F2A825 /* InformationView.swift in Sources */ = {isa = PBXBuildFile; fileRef = 5AD6D3DB28B77C8000F2A825 /* InformationView.swift */; };
		5AD6D3DE28B77CFA00F2A825 /* AppInformation.swift in Sources */ = {isa = PBXBuildFile; fileRef = 5AD6D3DD28B77CFA00F2A825 /* AppInformation.swift */; };
/* End PBXBuildFile section */

/* Begin PBXFileReference section */
		5A29C45E28B783B900C972B7 /* LabelIconView.swift */ = {isa = PBXFileReference; lastKnownFileType = sourcecode.swift; path = LabelIconView.swift; sourceTree = "<group>"; };
		5A2D561D28B56E6900DEF4B2 /* BatteryManager.swift */ = {isa = PBXFileReference; lastKnownFileType = sourcecode.swift; path = BatteryManager.swift; sourceTree = "<group>"; };
		5A49E85128B5572A0064361C /* BAST.app */ = {isa = PBXFileReference; explicitFileType = wrapper.application; includeInIndex = 0; path = BAST.app; sourceTree = BUILT_PRODUCTS_DIR; };
		5A49E85428B5572A0064361C /* BASTApp.swift */ = {isa = PBXFileReference; lastKnownFileType = sourcecode.swift; path = BASTApp.swift; sourceTree = "<group>"; };
		5A49E85628B5572A0064361C /* ContentView.swift */ = {isa = PBXFileReference; lastKnownFileType = sourcecode.swift; path = ContentView.swift; sourceTree = "<group>"; };
		5A49E85828B5572B0064361C /* Assets.xcassets */ = {isa = PBXFileReference; lastKnownFileType = folder.assetcatalog; path = Assets.xcassets; sourceTree = "<group>"; };
		5A49E85B28B5572B0064361C /* Preview Assets.xcassets */ = {isa = PBXFileReference; lastKnownFileType = folder.assetcatalog; path = "Preview Assets.xcassets"; sourceTree = "<group>"; };
		5A49E86328B557730064361C /* Extensions.swift */ = {isa = PBXFileReference; lastKnownFileType = sourcecode.swift; path = Extensions.swift; sourceTree = "<group>"; };
		5AD6D3DB28B77C8000F2A825 /* InformationView.swift */ = {isa = PBXFileReference; lastKnownFileType = sourcecode.swift; path = InformationView.swift; sourceTree = "<group>"; };
		5AD6D3DD28B77CFA00F2A825 /* AppInformation.swift */ = {isa = PBXFileReference; lastKnownFileType = sourcecode.swift; path = AppInformation.swift; sourceTree = "<group>"; };
/* End PBXFileReference section */

/* Begin PBXFrameworksBuildPhase section */
		5A49E84E28B5572A0064361C /* Frameworks */ = {
			isa = PBXFrameworksBuildPhase;
			buildActionMask = 2147483647;
			files = (
			);
			runOnlyForDeploymentPostprocessing = 0;
		};
/* End PBXFrameworksBuildPhase section */

/* Begin PBXGroup section */
		5A29C45D28B7839C00C972B7 /* List Styles */ = {
			isa = PBXGroup;
			children = (
				5A29C45E28B783B900C972B7 /* LabelIconView.swift */,
			);
			path = "List Styles";
			sourceTree = "<group>";
		};
		5A49E84828B5572A0064361C = {
			isa = PBXGroup;
			children = (
				5A49E85328B5572A0064361C /* BAST */,
				5A49E85228B5572A0064361C /* Products */,
			);
			sourceTree = "<group>";
		};
		5A49E85228B5572A0064361C /* Products */ = {
			isa = PBXGroup;
			children = (
				5A49E85128B5572A0064361C /* BAST.app */,
			);
			name = Products;
			sourceTree = "<group>";
		};
		5A49E85328B5572A0064361C /* BAST */ = {
			isa = PBXGroup;
			children = (
				5A49E86C28B558E00064361C /* Views */,
				5A49E86728B557CC0064361C /* Classes */,
				5A49E86628B557AC0064361C /* Main */,
				5A49E86228B5575D0064361C /* Extensions */,
				5A49E85828B5572B0064361C /* Assets.xcassets */,
				5A49E85A28B5572B0064361C /* Preview Content */,
			);
			path = BAST;
			sourceTree = "<group>";
		};
		5A49E85A28B5572B0064361C /* Preview Content */ = {
			isa = PBXGroup;
			children = (
				5A49E85B28B5572B0064361C /* Preview Assets.xcassets */,
			);
			path = "Preview Content";
			sourceTree = "<group>";
		};
		5A49E86228B5575D0064361C /* Extensions */ = {
			isa = PBXGroup;
			children = (
				5A49E86328B557730064361C /* Extensions.swift */,
			);
			path = Extensions;
			sourceTree = "<group>";
		};
		5A49E86628B557AC0064361C /* Main */ = {
			isa = PBXGroup;
			children = (
				5A49E85428B5572A0064361C /* BASTApp.swift */,
			);
			path = Main;
			sourceTree = "<group>";
		};
		5A49E86728B557CC0064361C /* Classes */ = {
			isa = PBXGroup;
			children = (
				5A2D561D28B56E6900DEF4B2 /* BatteryManager.swift */,
				5AD6D3DD28B77CFA00F2A825 /* AppInformation.swift */,
			);
			path = Classes;
			sourceTree = "<group>";
		};
		5A49E86C28B558E00064361C /* Views */ = {
			isa = PBXGroup;
			children = (
				5AA952D728B77360001D2DC3 /* ContentView */,
				5AD6D3DA28B77C6E00F2A825 /* InformationView */,
				5A29C45D28B7839C00C972B7 /* List Styles */,
			);
			path = Views;
			sourceTree = "<group>";
		};
		5AA952D728B77360001D2DC3 /* ContentView */ = {
			isa = PBXGroup;
			children = (
				5A49E85628B5572A0064361C /* ContentView.swift */,
			);
			path = ContentView;
			sourceTree = "<group>";
		};
		5AD6D3DA28B77C6E00F2A825 /* InformationView */ = {
			isa = PBXGroup;
			children = (
				5AD6D3DB28B77C8000F2A825 /* InformationView.swift */,
			);
			path = InformationView;
			sourceTree = "<group>";
		};
/* End PBXGroup section */

/* Begin PBXNativeTarget section */
		5A49E85028B5572A0064361C /* BAST */ = {
			isa = PBXNativeTarget;
			buildConfigurationList = 5A49E85F28B5572B0064361C /* Build configuration list for PBXNativeTarget "BAST" */;
			buildPhases = (
				5A49E84D28B5572A0064361C /* Sources */,
				5A49E84E28B5572A0064361C /* Frameworks */,
				5A49E84F28B5572A0064361C /* Resources */,
			);
			buildRules = (
			);
			dependencies = (
			);
			name = BAST;
			productName = BAST;
			productReference = 5A49E85128B5572A0064361C /* BAST.app */;
			productType = "com.apple.product-type.application";
		};
/* End PBXNativeTarget section */

/* Begin PBXProject section */
		5A49E84928B5572A0064361C /* Project object */ = {
			isa = PBXProject;
			attributes = {
				BuildIndependentTargetsInParallel = 1;
				LastSwiftUpdateCheck = 1400;
				LastUpgradeCheck = 1400;
				TargetAttributes = {
					5A49E85028B5572A0064361C = {
						CreatedOnToolsVersion = 14.0;
					};
				};
			};
			buildConfigurationList = 5A49E84C28B5572A0064361C /* Build configuration list for PBXProject "BAST" */;
			compatibilityVersion = "Xcode 14.0";
			developmentRegion = en;
			hasScannedForEncodings = 0;
			knownRegions = (
				en,
				Base,
			);
			mainGroup = 5A49E84828B5572A0064361C;
			productRefGroup = 5A49E85228B5572A0064361C /* Products */;
			projectDirPath = "";
			projectRoot = "";
			targets = (
				5A49E85028B5572A0064361C /* BAST */,
			);
		};
/* End PBXProject section */

/* Begin PBXResourcesBuildPhase section */
		5A49E84F28B5572A0064361C /* Resources */ = {
			isa = PBXResourcesBuildPhase;
			buildActionMask = 2147483647;
			files = (
				5A49E85C28B5572B0064361C /* Preview Assets.xcassets in Resources */,
				5A49E85928B5572B0064361C /* Assets.xcassets in Resources */,
			);
			runOnlyForDeploymentPostprocessing = 0;
		};
/* End PBXResourcesBuildPhase section */

/* Begin PBXSourcesBuildPhase section */
		5A49E84D28B5572A0064361C /* Sources */ = {
			isa = PBXSourcesBuildPhase;
			buildActionMask = 2147483647;
			files = (
				5AD6D3DC28B77C8000F2A825 /* InformationView.swift in Sources */,
				5A2D561E28B56E6900DEF4B2 /* BatteryManager.swift in Sources */,
				5A49E85728B5572A0064361C /* ContentView.swift in Sources */,
				5A49E86428B557730064361C /* Extensions.swift in Sources */,
				5AD6D3DE28B77CFA00F2A825 /* AppInformation.swift in Sources */,
				5A29C45F28B783B900C972B7 /* LabelIconView.swift in Sources */,
				5A49E85528B5572A0064361C /* BASTApp.swift in Sources */,
			);
			runOnlyForDeploymentPostprocessing = 0;
		};
/* End PBXSourcesBuildPhase section */

/* Begin XCBuildConfiguration section */
		5A49E85D28B5572B0064361C /* Debug */ = {
			isa = XCBuildConfiguration;
			buildSettings = {
				ALWAYS_SEARCH_USER_PATHS = NO;
				CLANG_ANALYZER_NONNULL = YES;
				CLANG_ANALYZER_NUMBER_OBJECT_CONVERSION = YES_AGGRESSIVE;
				CLANG_CXX_LANGUAGE_STANDARD = "gnu++20";
				CLANG_ENABLE_MODULES = YES;
				CLANG_ENABLE_OBJC_ARC = YES;
				CLANG_ENABLE_OBJC_WEAK = YES;
				CLANG_WARN_BLOCK_CAPTURE_AUTORELEASING = YES;
				CLANG_WARN_BOOL_CONVERSION = YES;
				CLANG_WARN_COMMA = YES;
				CLANG_WARN_CONSTANT_CONVERSION = YES;
				CLANG_WARN_DEPRECATED_OBJC_IMPLEMENTATIONS = YES;
				CLANG_WARN_DIRECT_OBJC_ISA_USAGE = YES_ERROR;
				CLANG_WARN_DOCUMENTATION_COMMENTS = YES;
				CLANG_WARN_EMPTY_BODY = YES;
				CLANG_WARN_ENUM_CONVERSION = YES;
				CLANG_WARN_INFINITE_RECURSION = YES;
				CLANG_WARN_INT_CONVERSION = YES;
				CLANG_WARN_NON_LITERAL_NULL_CONVERSION = YES;
				CLANG_WARN_OBJC_IMPLICIT_RETAIN_SELF = YES;
				CLANG_WARN_OBJC_LITERAL_CONVERSION = YES;
				CLANG_WARN_OBJC_ROOT_CLASS = YES_ERROR;
				CLANG_WARN_QUOTED_INCLUDE_IN_FRAMEWORK_HEADER = YES;
				CLANG_WARN_RANGE_LOOP_ANALYSIS = YES;
				CLANG_WARN_STRICT_PROTOTYPES = YES;
				CLANG_WARN_SUSPICIOUS_MOVE = YES;
				CLANG_WARN_UNGUARDED_AVAILABILITY = YES_AGGRESSIVE;
				CLANG_WARN_UNREACHABLE_CODE = YES;
				CLANG_WARN__DUPLICATE_METHOD_MATCH = YES;
				COPY_PHASE_STRIP = NO;
				DEBUG_INFORMATION_FORMAT = dwarf;
				ENABLE_STRICT_OBJC_MSGSEND = YES;
				ENABLE_TESTABILITY = YES;
				GCC_C_LANGUAGE_STANDARD = gnu11;
				GCC_DYNAMIC_NO_PIC = NO;
				GCC_NO_COMMON_BLOCKS = YES;
				GCC_OPTIMIZATION_LEVEL = 0;
				GCC_PREPROCESSOR_DEFINITIONS = (
					"DEBUG=1",
					"$(inherited)",
				);
				GCC_WARN_64_TO_32_BIT_CONVERSION = YES;
				GCC_WARN_ABOUT_RETURN_TYPE = YES_ERROR;
				GCC_WARN_UNDECLARED_SELECTOR = YES;
				GCC_WARN_UNINITIALIZED_AUTOS = YES_AGGRESSIVE;
				GCC_WARN_UNUSED_FUNCTION = YES;
				GCC_WARN_UNUSED_VARIABLE = YES;
				IPHONEOS_DEPLOYMENT_TARGET = 15.0;
				MTL_ENABLE_DEBUG_INFO = INCLUDE_SOURCE;
				MTL_FAST_MATH = YES;
				ONLY_ACTIVE_ARCH = YES;
				SDKROOT = iphoneos;
				SWIFT_ACTIVE_COMPILATION_CONDITIONS = DEBUG;
				SWIFT_OPTIMIZATION_LEVEL = "-Onone";
			};
			name = Debug;
		};
		5A49E85E28B5572B0064361C /* Release */ = {
			isa = XCBuildConfiguration;
			buildSettings = {
				ALWAYS_SEARCH_USER_PATHS = NO;
				CLANG_ANALYZER_NONNULL = YES;
				CLANG_ANALYZER_NUMBER_OBJECT_CONVERSION = YES_AGGRESSIVE;
				CLANG_CXX_LANGUAGE_STANDARD = "gnu++20";
				CLANG_ENABLE_MODULES = YES;
				CLANG_ENABLE_OBJC_ARC = YES;
				CLANG_ENABLE_OBJC_WEAK = YES;
				CLANG_WARN_BLOCK_CAPTURE_AUTORELEASING = YES;
				CLANG_WARN_BOOL_CONVERSION = YES;
				CLANG_WARN_COMMA = YES;
				CLANG_WARN_CONSTANT_CONVERSION = YES;
				CLANG_WARN_DEPRECATED_OBJC_IMPLEMENTATIONS = YES;
				CLANG_WARN_DIRECT_OBJC_ISA_USAGE = YES_ERROR;
				CLANG_WARN_DOCUMENTATION_COMMENTS = YES;
				CLANG_WARN_EMPTY_BODY = YES;
				CLANG_WARN_ENUM_CONVERSION = YES;
				CLANG_WARN_INFINITE_RECURSION = YES;
				CLANG_WARN_INT_CONVERSION = YES;
				CLANG_WARN_NON_LITERAL_NULL_CONVERSION = YES;
				CLANG_WARN_OBJC_IMPLICIT_RETAIN_SELF = YES;
				CLANG_WARN_OBJC_LITERAL_CONVERSION = YES;
				CLANG_WARN_OBJC_ROOT_CLASS = YES_ERROR;
				CLANG_WARN_QUOTED_INCLUDE_IN_FRAMEWORK_HEADER = YES;
				CLANG_WARN_RANGE_LOOP_ANALYSIS = YES;
				CLANG_WARN_STRICT_PROTOTYPES = YES;
				CLANG_WARN_SUSPICIOUS_MOVE = YES;
				CLANG_WARN_UNGUARDED_AVAILABILITY = YES_AGGRESSIVE;
				CLANG_WARN_UNREACHABLE_CODE = YES;
				CLANG_WARN__DUPLICATE_METHOD_MATCH = YES;
				COPY_PHASE_STRIP = NO;
				DEBUG_INFORMATION_FORMAT = "dwarf-with-dsym";
				ENABLE_NS_ASSERTIONS = NO;
				ENABLE_STRICT_OBJC_MSGSEND = YES;
				GCC_C_LANGUAGE_STANDARD = gnu11;
				GCC_NO_COMMON_BLOCKS = YES;
				GCC_WARN_64_TO_32_BIT_CONVERSION = YES;
				GCC_WARN_ABOUT_RETURN_TYPE = YES_ERROR;
				GCC_WARN_UNDECLARED_SELECTOR = YES;
				GCC_WARN_UNINITIALIZED_AUTOS = YES_AGGRESSIVE;
				GCC_WARN_UNUSED_FUNCTION = YES;
				GCC_WARN_UNUSED_VARIABLE = YES;
				IPHONEOS_DEPLOYMENT_TARGET = 15.0;
				MTL_ENABLE_DEBUG_INFO = NO;
				MTL_FAST_MATH = YES;
				SDKROOT = iphoneos;
				SWIFT_COMPILATION_MODE = wholemodule;
				SWIFT_OPTIMIZATION_LEVEL = "-O";
				VALIDATE_PRODUCT = YES;
			};
			name = Release;
		};
		5A49E86028B5572B0064361C /* Debug */ = {
			isa = XCBuildConfiguration;
			buildSettings = {
				ASSETCATALOG_COMPILER_APPICON_NAME = AppIcon;
				ASSETCATALOG_COMPILER_GLOBAL_ACCENT_COLOR_NAME = AccentColor;
				ASSETCATALOG_COMPILER_INCLUDE_ALL_APPICON_ASSETS = NO;
				CODE_SIGN_STYLE = Automatic;
				CURRENT_PROJECT_VERSION = 2;
				DEVELOPMENT_ASSET_PATHS = "\"BAST/Preview Content\"";
				DEVELOPMENT_TEAM = 43J5JGL5JP;
				ENABLE_PREVIEWS = YES;
				GENERATE_INFOPLIST_FILE = YES;
				INFOPLIST_FILE = BAST/Info.plist;
				INFOPLIST_KEY_CFBundleDisplayName = BAST;
				INFOPLIST_KEY_LSApplicationCategoryType = "public.app-category.utilities";
				INFOPLIST_KEY_UIApplicationSceneManifest_Generation = YES;
				INFOPLIST_KEY_UIApplicationSupportsIndirectInputEvents = YES;
				INFOPLIST_KEY_UILaunchScreen_Generation = YES;
				INFOPLIST_KEY_UISupportedInterfaceOrientations_iPad = "UIInterfaceOrientationPortrait UIInterfaceOrientationPortraitUpsideDown UIInterfaceOrientationLandscapeLeft UIInterfaceOrientationLandscapeRight";
				INFOPLIST_KEY_UISupportedInterfaceOrientations_iPhone = "UIInterfaceOrientationPortrait UIInterfaceOrientationLandscapeLeft UIInterfaceOrientationLandscapeRight";
				IPHONEOS_DEPLOYMENT_TARGET = 15.0;
				LD_RUNPATH_SEARCH_PATHS = (
					"$(inherited)",
					"@executable_path/Frameworks",
				);
				MARKETING_VERSION = 1.0;
				PRODUCT_BUNDLE_IDENTIFIER = com.fezer.BAST;
				PRODUCT_NAME = "$(TARGET_NAME)";
				SUPPORTED_PLATFORMS = "iphoneos iphonesimulator";
				SUPPORTS_MACCATALYST = NO;
				SUPPORTS_MAC_DESIGNED_FOR_IPHONE_IPAD = NO;
				SWIFT_EMIT_LOC_STRINGS = YES;
				SWIFT_VERSION = 5.0;
				TARGETED_DEVICE_FAMILY = "1,2";
			};
			name = Debug;
		};
		5A49E86128B5572B0064361C /* Release */ = {
			isa = XCBuildConfiguration;
			buildSettings = {
				ASSETCATALOG_COMPILER_APPICON_NAME = AppIcon;
				ASSETCATALOG_COMPILER_GLOBAL_ACCENT_COLOR_NAME = AccentColor;
				ASSETCATALOG_COMPILER_INCLUDE_ALL_APPICON_ASSETS = NO;
				CODE_SIGN_STYLE = Automatic;
				CURRENT_PROJECT_VERSION = 2;
				DEVELOPMENT_ASSET_PATHS = "\"BAST/Preview Content\"";
				DEVELOPMENT_TEAM = 43J5JGL5JP;
				ENABLE_PREVIEWS = YES;
				GENERATE_INFOPLIST_FILE = YES;
				INFOPLIST_FILE = BAST/Info.plist;
				INFOPLIST_KEY_CFBundleDisplayName = BAST;
				INFOPLIST_KEY_LSApplicationCategoryType = "public.app-category.utilities";
				INFOPLIST_KEY_UIApplicationSceneManifest_Generation = YES;
				INFOPLIST_KEY_UIApplicationSupportsIndirectInputEvents = YES;
				INFOPLIST_KEY_UILaunchScreen_Generation = YES;
				INFOPLIST_KEY_UISupportedInterfaceOrientations_iPad = "UIInterfaceOrientationPortrait UIInterfaceOrientationPortraitUpsideDown UIInterfaceOrientationLandscapeLeft UIInterfaceOrientationLandscapeRight";
				INFOPLIST_KEY_UISupportedInterfaceOrientations_iPhone = "UIInterfaceOrientationPortrait UIInterfaceOrientationLandscapeLeft UIInterfaceOrientationLandscapeRight";
				IPHONEOS_DEPLOYMENT_TARGET = 15.0;
				LD_RUNPATH_SEARCH_PATHS = (
					"$(inherited)",
					"@executable_path/Frameworks",
				);
				MARKETING_VERSION = 1.0;
				PRODUCT_BUNDLE_IDENTIFIER = com.fezer.BAST;
				PRODUCT_NAME = "$(TARGET_NAME)";
				SUPPORTED_PLATFORMS = "iphoneos iphonesimulator";
				SUPPORTS_MACCATALYST = NO;
				SUPPORTS_MAC_DESIGNED_FOR_IPHONE_IPAD = NO;
				SWIFT_EMIT_LOC_STRINGS = YES;
				SWIFT_VERSION = 5.0;
				TARGETED_DEVICE_FAMILY = "1,2";
			};
			name = Release;
		};
/* End XCBuildConfiguration section */

/* Begin XCConfigurationList section */
		5A49E84C28B5572A0064361C /* Build configuration list for PBXProject "BAST" */ = {
			isa = XCConfigurationList;
			buildConfigurations = (
				5A49E85D28B5572B0064361C /* Debug */,
				5A49E85E28B5572B0064361C /* Release */,
			);
			defaultConfigurationIsVisible = 0;
			defaultConfigurationName = Release;
		};
		5A49E85F28B5572B0064361C /* Build configuration list for PBXNativeTarget "BAST" */ = {
			isa = XCConfigurationList;
			buildConfigurations = (
				5A49E86028B5572B0064361C /* Debug */,
				5A49E86128B5572B0064361C /* Release */,
			);
			defaultConfigurationIsVisible = 0;
			defaultConfigurationName = Release;
		};
/* End XCConfigurationList section */
	};
	rootObject = 5A49E84928B5572A0064361C /* Project object */;
}
